
Microsoft Visual Studio Solution File, Format Version 12.00
# Visual Studio Version 17
VisualStudioVersion = 17.8.34330.188
MinimumVisualStudioVersion = 10.0.40219.1
Project("{FAE04EC0-301F-11D3-BF4B-00C04F79EFBC}") = "Лаба1", "Лаба1.csproj", "{7863DC8A-A519-46DA-A8EF-03C0B8B135E5}"
EndProject
Global
	GlobalSection(SolutionConfigurationPlatforms) = preSolution
		Debug|Any CPU = Debug|Any CPU
		Release|Any CPU = Release|Any CPU
	EndGlobalSection
	GlobalSection(ProjectConfigurationPlatforms) = postSolution
		{7863DC8A-A519-46DA-A8EF-03C0B8B135E5}.Debug|Any CPU.ActiveCfg = Debug|Any CPU
		{7863DC8A-A519-46DA-A8EF-03C0B8B135E5}.Debug|Any CPU.Build.0 = Debug|Any CPU
		{7863DC8A-A519-46DA-A8EF-03C0B8B135E5}.Release|Any CPU.ActiveCfg = Release|Any CPU
		{7863DC8A-A519-46DA-A8EF-03C0B8B135E5}.Release|Any CPU.Build.0 = Release|Any CPU
	EndGlobalSection
	GlobalSection(SolutionProperties) = preSolution
		HideSolutionNode = FALSE
	EndGlobalSection
	GlobalSection(ExtensibilityGlobals) = postSolution
		SolutionGuid = {988AE3E5-BE85-4FF8-9985-5857B38FA575}
	EndGlobalSection
EndGlobal
