
Microsoft Visual Studio Solution File, Format Version 12.00
# Visual Studio Version 17
VisualStudioVersion = 17.8.34330.188
MinimumVisualStudioVersion = 10.0.40219.1
Project("{FAE04EC0-301F-11D3-BF4B-00C04F79EFBC}") = "lab7", "lab7.csproj", "{78C9CBA0-4CFD-4FD0-B838-C30C7E5E8EC6}"
EndProject
Global
	GlobalSection(SolutionConfigurationPlatforms) = preSolution
		Debug|Any CPU = Debug|Any CPU
		Release|Any CPU = Release|Any CPU
	EndGlobalSection
	GlobalSection(ProjectConfigurationPlatforms) = postSolution
		{78C9CBA0-4CFD-4FD0-B838-C30C7E5E8EC6}.Debug|Any CPU.ActiveCfg = Debug|Any CPU
		{78C9CBA0-4CFD-4FD0-B838-C30C7E5E8EC6}.Debug|Any CPU.Build.0 = Debug|Any CPU
		{78C9CBA0-4CFD-4FD0-B838-C30C7E5E8EC6}.Release|Any CPU.ActiveCfg = Release|Any CPU
		{78C9CBA0-4CFD-4FD0-B838-C30C7E5E8EC6}.Release|Any CPU.Build.0 = Release|Any CPU
	EndGlobalSection
	GlobalSection(SolutionProperties) = preSolution
		HideSolutionNode = FALSE
	EndGlobalSection
	GlobalSection(ExtensibilityGlobals) = postSolution
		SolutionGuid = {E444B006-F7B3-4B07-9392-F00575D073AE}
	EndGlobalSection
EndGlobal
